
Microsoft Visual Studio Solution File, Format Version 12.00
# Visual Studio Version 17
VisualStudioVersion = 17.14.36811.4 d17.14
MinimumVisualStudioVersion = 10.0.40219.1
Project("{FAE04EC0-301F-11D3-BF4B-00C04F79EFBC}") = "CriarSenha", "CriarSenha\CriarSenha.csproj", "{B352C8EB-8C16-4E00-ADF9-B9E179D2B4F8}"
EndProject
Global
	GlobalSection(SolutionConfigurationPlatforms) = preSolution
		Debug|Any CPU = Debug|Any CPU
		Release|Any CPU = Release|Any CPU
	EndGlobalSection
	GlobalSection(ProjectConfigurationPlatforms) = postSolution
		{B352C8EB-8C16-4E00-ADF9-B9E179D2B4F8}.Debug|Any CPU.ActiveCfg = Debug|Any CPU
		{B352C8EB-8C16-4E00-ADF9-B9E179D2B4F8}.Debug|Any CPU.Build.0 = Debug|Any CPU
		{B352C8EB-8C16-4E00-ADF9-B9E179D2B4F8}.Release|Any CPU.ActiveCfg = Release|Any CPU
		{B352C8EB-8C16-4E00-ADF9-B9E179D2B4F8}.Release|Any CPU.Build.0 = Release|Any CPU
	EndGlobalSection
	GlobalSection(SolutionProperties) = preSolution
		HideSolutionNode = FALSE
	EndGlobalSection
	GlobalSection(ExtensibilityGlobals) = postSolution
		SolutionGuid = {36D486AA-4EF8-4BD1-8690-9BB81EF5416F}
	EndGlobalSection
EndGlobal
